// !$*UTF8*$!
{
	archiveVersion = 1;
	classes = {
	};
	objectVersion = 60;
	objects = {

/* Begin PBXBuildFile section */
		E949CC8A2C389B0200276A8A /* ScrollTransitionRow.swift in Sources */ = {isa = PBXBuildFile; fileRef = E949CC892C389B0200276A8A /* ScrollTransitionRow.swift */; };
		E964D1F62C40686A005B1E12 /* MeshGradientView.swift in Sources */ = {isa = PBXBuildFile; fileRef = E964D1F52C40686A005B1E12 /* MeshGradientView.swift */; };
		E964D1F82C406871005B1E12 /* MeshGradientViewModel.swift in Sources */ = {isa = PBXBuildFile; fileRef = E964D1F72C40686E005B1E12 /* MeshGradientViewModel.swift */; };
		E9C924852C3733870020FCCD /* ScrollTransitionView.swift in Sources */ = {isa = PBXBuildFile; fileRef = E9C924842C3733870020FCCD /* ScrollTransitionView.swift */; };
		E9C924872C3734340020FCCD /* CategoryRow.swift in Sources */ = {isa = PBXBuildFile; fileRef = E9C924862C3734340020FCCD /* CategoryRow.swift */; };
		E9C924892C3735EC0020FCCD /* ScrollTransitionViewModel.swift in Sources */ = {isa = PBXBuildFile; fileRef = E9C924882C3735EA0020FCCD /* ScrollTransitionViewModel.swift */; };
		E9DA5A942C3C81750067F74F /* VisualEffectView.swift in Sources */ = {isa = PBXBuildFile; fileRef = E9DA5A932C3C81750067F74F /* VisualEffectView.swift */; };
		E9DA5A962C3C81890067F74F /* VisualEffectViewModel.swift in Sources */ = {isa = PBXBuildFile; fileRef = E9DA5A952C3C81870067F74F /* VisualEffectViewModel.swift */; };
		E9DA5A992C3C85250067F74F /* VisualEffectRow.swift in Sources */ = {isa = PBXBuildFile; fileRef = E9DA5A982C3C85250067F74F /* VisualEffectRow.swift */; };
		E9E268832C334B8000DB255E /* SwiftUIVisualEffectsApp.swift in Sources */ = {isa = PBXBuildFile; fileRef = E9E268822C334B8000DB255E /* SwiftUIVisualEffectsApp.swift */; };
		E9E268852C334B8000DB255E /* CategoryView.swift in Sources */ = {isa = PBXBuildFile; fileRef = E9E268842C334B8000DB255E /* CategoryView.swift */; };
		E9E268872C334B8200DB255E /* Assets.xcassets in Resources */ = {isa = PBXBuildFile; fileRef = E9E268862C334B8200DB255E /* Assets.xcassets */; };
		E9E2688A2C334B8200DB255E /* Preview Assets.xcassets in Resources */ = {isa = PBXBuildFile; fileRef = E9E268892C334B8200DB255E /* Preview Assets.xcassets */; };
		E9E268922C334C0700DB255E /* CategoryViewModel.swift in Sources */ = {isa = PBXBuildFile; fileRef = E9E268912C334C0300DB255E /* CategoryViewModel.swift */; };
		E9E268952C334C4800DB255E /* CategoryModel.swift in Sources */ = {isa = PBXBuildFile; fileRef = E9E268942C334C4500DB255E /* CategoryModel.swift */; };
/* End PBXBuildFile section */

/* Begin PBXFileReference section */
		E949CC892C389B0200276A8A /* ScrollTransitionRow.swift */ = {isa = PBXFileReference; lastKnownFileType = sourcecode.swift; path = ScrollTransitionRow.swift; sourceTree = "<group>"; };
		E964D1F52C40686A005B1E12 /* MeshGradientView.swift */ = {isa = PBXFileReference; lastKnownFileType = sourcecode.swift; path = MeshGradientView.swift; sourceTree = "<group>"; };
		E964D1F72C40686E005B1E12 /* MeshGradientViewModel.swift */ = {isa = PBXFileReference; lastKnownFileType = sourcecode.swift; path = MeshGradientViewModel.swift; sourceTree = "<group>"; };
		E9C924842C3733870020FCCD /* ScrollTransitionView.swift */ = {isa = PBXFileReference; lastKnownFileType = sourcecode.swift; path = ScrollTransitionView.swift; sourceTree = "<group>"; };
		E9C924862C3734340020FCCD /* CategoryRow.swift */ = {isa = PBXFileReference; lastKnownFileType = sourcecode.swift; path = CategoryRow.swift; sourceTree = "<group>"; };
		E9C924882C3735EA0020FCCD /* ScrollTransitionViewModel.swift */ = {isa = PBXFileReference; lastKnownFileType = sourcecode.swift; path = ScrollTransitionViewModel.swift; sourceTree = "<group>"; };
		E9DA5A932C3C81750067F74F /* VisualEffectView.swift */ = {isa = PBXFileReference; lastKnownFileType = sourcecode.swift; path = VisualEffectView.swift; sourceTree = "<group>"; };
		E9DA5A952C3C81870067F74F /* VisualEffectViewModel.swift */ = {isa = PBXFileReference; lastKnownFileType = sourcecode.swift; path = VisualEffectViewModel.swift; sourceTree = "<group>"; };
		E9DA5A982C3C85250067F74F /* VisualEffectRow.swift */ = {isa = PBXFileReference; lastKnownFileType = sourcecode.swift; path = VisualEffectRow.swift; sourceTree = "<group>"; };
		E9E2687F2C334B8000DB255E /* SwiftUIVisualEffects.app */ = {isa = PBXFileReference; explicitFileType = wrapper.application; includeInIndex = 0; path = SwiftUIVisualEffects.app; sourceTree = BUILT_PRODUCTS_DIR; };
		E9E268822C334B8000DB255E /* SwiftUIVisualEffectsApp.swift */ = {isa = PBXFileReference; lastKnownFileType = sourcecode.swift; path = SwiftUIVisualEffectsApp.swift; sourceTree = "<group>"; };
		E9E268842C334B8000DB255E /* CategoryView.swift */ = {isa = PBXFileReference; lastKnownFileType = sourcecode.swift; path = CategoryView.swift; sourceTree = "<group>"; };
		E9E268862C334B8200DB255E /* Assets.xcassets */ = {isa = PBXFileReference; lastKnownFileType = folder.assetcatalog; path = Assets.xcassets; sourceTree = "<group>"; };
		E9E268892C334B8200DB255E /* Preview Assets.xcassets */ = {isa = PBXFileReference; lastKnownFileType = folder.assetcatalog; path = "Preview Assets.xcassets"; sourceTree = "<group>"; };
		E9E268912C334C0300DB255E /* CategoryViewModel.swift */ = {isa = PBXFileReference; lastKnownFileType = sourcecode.swift; path = CategoryViewModel.swift; sourceTree = "<group>"; };
		E9E268942C334C4500DB255E /* CategoryModel.swift */ = {isa = PBXFileReference; lastKnownFileType = sourcecode.swift; path = CategoryModel.swift; sourceTree = "<group>"; };
/* End PBXFileReference section */

/* Begin PBXFrameworksBuildPhase section */
		E9E2687C2C334B8000DB255E /* Frameworks */ = {
			isa = PBXFrameworksBuildPhase;
			buildActionMask = 2147483647;
			files = (
			);
			runOnlyForDeploymentPostprocessing = 0;
		};
/* End PBXFrameworksBuildPhase section */

/* Begin PBXGroup section */
		E964D1F42C40685D005B1E12 /* MeshGradient */ = {
			isa = PBXGroup;
			children = (
				E964D1F72C40686E005B1E12 /* MeshGradientViewModel.swift */,
				E964D1F52C40686A005B1E12 /* MeshGradientView.swift */,
			);
			path = MeshGradient;
			sourceTree = "<group>";
		};
		E9C924822C3733640020FCCD /* Screen */ = {
			isa = PBXGroup;
			children = (
				E964D1F42C40685D005B1E12 /* MeshGradient */,
				E9DA5A922C3C81660067F74F /* VisualEffect */,
				E9C924832C3733780020FCCD /* ScrollEffect */,
				E9E268902C334BFB00DB255E /* Category */,
			);
			path = Screen;
			sourceTree = "<group>";
		};
		E9C924832C3733780020FCCD /* ScrollEffect */ = {
			isa = PBXGroup;
			children = (
				E9C924882C3735EA0020FCCD /* ScrollTransitionViewModel.swift */,
				E9C924842C3733870020FCCD /* ScrollTransitionView.swift */,
				E949CC892C389B0200276A8A /* ScrollTransitionRow.swift */,
			);
			path = ScrollEffect;
			sourceTree = "<group>";
		};
		E9DA5A922C3C81660067F74F /* VisualEffect */ = {
			isa = PBXGroup;
			children = (
				E9DA5A952C3C81870067F74F /* VisualEffectViewModel.swift */,
				E9DA5A932C3C81750067F74F /* VisualEffectView.swift */,
				E9DA5A982C3C85250067F74F /* VisualEffectRow.swift */,
			);
			path = VisualEffect;
			sourceTree = "<group>";
		};
		E9E268762C334B8000DB255E = {
			isa = PBXGroup;
			children = (
				E9E268812C334B8000DB255E /* SwiftUIVisualEffects */,
				E9E268802C334B8000DB255E /* Products */,
			);
			sourceTree = "<group>";
		};
		E9E268802C334B8000DB255E /* Products */ = {
			isa = PBXGroup;
			children = (
				E9E2687F2C334B8000DB255E /* SwiftUIVisualEffects.app */,
			);
			name = Products;
			sourceTree = "<group>";
		};
		E9E268812C334B8000DB255E /* SwiftUIVisualEffects */ = {
			isa = PBXGroup;
			children = (
				E9C924822C3733640020FCCD /* Screen */,
				E9E268932C334C3900DB255E /* Model */,
				E9E268822C334B8000DB255E /* SwiftUIVisualEffectsApp.swift */,
				E9E268862C334B8200DB255E /* Assets.xcassets */,
				E9E268882C334B8200DB255E /* Preview Content */,
			);
			path = SwiftUIVisualEffects;
			sourceTree = "<group>";
		};
		E9E268882C334B8200DB255E /* Preview Content */ = {
			isa = PBXGroup;
			children = (
				E9E268892C334B8200DB255E /* Preview Assets.xcassets */,
			);
			path = "Preview Content";
			sourceTree = "<group>";
		};
		E9E268902C334BFB00DB255E /* Category */ = {
			isa = PBXGroup;
			children = (
				E9E268912C334C0300DB255E /* CategoryViewModel.swift */,
				E9E268842C334B8000DB255E /* CategoryView.swift */,
				E9C924862C3734340020FCCD /* CategoryRow.swift */,
			);
			path = Category;
			sourceTree = "<group>";
		};
		E9E268932C334C3900DB255E /* Model */ = {
			isa = PBXGroup;
			children = (
				E9E268942C334C4500DB255E /* CategoryModel.swift */,
			);
			path = Model;
			sourceTree = "<group>";
		};
/* End PBXGroup section */

/* Begin PBXNativeTarget section */
		E9E2687E2C334B8000DB255E /* SwiftUIVisualEffects */ = {
			isa = PBXNativeTarget;
			buildConfigurationList = E9E2688D2C334B8200DB255E /* Build configuration list for PBXNativeTarget "SwiftUIVisualEffects" */;
			buildPhases = (
				E9E2687B2C334B8000DB255E /* Sources */,
				E9E2687C2C334B8000DB255E /* Frameworks */,
				E9E2687D2C334B8000DB255E /* Resources */,
			);
			buildRules = (
			);
			dependencies = (
			);
			name = SwiftUIVisualEffects;
			productName = SwiftUIVisualEffects;
			productReference = E9E2687F2C334B8000DB255E /* SwiftUIVisualEffects.app */;
			productType = "com.apple.product-type.application";
		};
/* End PBXNativeTarget section */

/* Begin PBXProject section */
		E9E268772C334B8000DB255E /* Project object */ = {
			isa = PBXProject;
			attributes = {
				BuildIndependentTargetsInParallel = 1;
				LastSwiftUpdateCheck = 1600;
				LastUpgradeCheck = 1600;
				TargetAttributes = {
					E9E2687E2C334B8000DB255E = {
						CreatedOnToolsVersion = 16.0;
					};
				};
			};
			buildConfigurationList = E9E2687A2C334B8000DB255E /* Build configuration list for PBXProject "SwiftUIVisualEffects" */;
			compatibilityVersion = "Xcode 15.0";
			developmentRegion = en;
			hasScannedForEncodings = 0;
			knownRegions = (
				en,
				Base,
			);
			mainGroup = E9E268762C334B8000DB255E;
			productRefGroup = E9E268802C334B8000DB255E /* Products */;
			projectDirPath = "";
			projectRoot = "";
			targets = (
				E9E2687E2C334B8000DB255E /* SwiftUIVisualEffects */,
			);
		};
/* End PBXProject section */

/* Begin PBXResourcesBuildPhase section */
		E9E2687D2C334B8000DB255E /* Resources */ = {
			isa = PBXResourcesBuildPhase;
			buildActionMask = 2147483647;
			files = (
				E9E2688A2C334B8200DB255E /* Preview Assets.xcassets in Resources */,
				E9E268872C334B8200DB255E /* Assets.xcassets in Resources */,
			);
			runOnlyForDeploymentPostprocessing = 0;
		};
/* End PBXResourcesBuildPhase section */

/* Begin PBXSourcesBuildPhase section */
		E9E2687B2C334B8000DB255E /* Sources */ = {
			isa = PBXSourcesBuildPhase;
			buildActionMask = 2147483647;
			files = (
				E9E268852C334B8000DB255E /* CategoryView.swift in Sources */,
				E9DA5A962C3C81890067F74F /* VisualEffectViewModel.swift in Sources */,
				E9C924852C3733870020FCCD /* ScrollTransitionView.swift in Sources */,
				E964D1F62C40686A005B1E12 /* MeshGradientView.swift in Sources */,
				E9E268952C334C4800DB255E /* CategoryModel.swift in Sources */,
				E9C924892C3735EC0020FCCD /* ScrollTransitionViewModel.swift in Sources */,
				E949CC8A2C389B0200276A8A /* ScrollTransitionRow.swift in Sources */,
				E9DA5A992C3C85250067F74F /* VisualEffectRow.swift in Sources */,
				E9E268922C334C0700DB255E /* CategoryViewModel.swift in Sources */,
				E964D1F82C406871005B1E12 /* MeshGradientViewModel.swift in Sources */,
				E9DA5A942C3C81750067F74F /* VisualEffectView.swift in Sources */,
				E9C924872C3734340020FCCD /* CategoryRow.swift in Sources */,
				E9E268832C334B8000DB255E /* SwiftUIVisualEffectsApp.swift in Sources */,
			);
			runOnlyForDeploymentPostprocessing = 0;
		};
/* End PBXSourcesBuildPhase section */

/* Begin XCBuildConfiguration section */
		E9E2688B2C334B8200DB255E /* Debug */ = {
			isa = XCBuildConfiguration;
			buildSettings = {
				ALWAYS_SEARCH_USER_PATHS = NO;
				ASSETCATALOG_COMPILER_GENERATE_SWIFT_ASSET_SYMBOL_EXTENSIONS = YES;
				CLANG_ANALYZER_NONNULL = YES;
				CLANG_ANALYZER_NUMBER_OBJECT_CONVERSION = YES_AGGRESSIVE;
				CLANG_CXX_LANGUAGE_STANDARD = "gnu++20";
				CLANG_ENABLE_MODULES = YES;
				CLANG_ENABLE_OBJC_ARC = YES;
				CLANG_ENABLE_OBJC_WEAK = YES;
				CLANG_WARN_BLOCK_CAPTURE_AUTORELEASING = YES;
				CLANG_WARN_BOOL_CONVERSION = YES;
				CLANG_WARN_COMMA = YES;
				CLANG_WARN_CONSTANT_CONVERSION = YES;
				CLANG_WARN_DEPRECATED_OBJC_IMPLEMENTATIONS = YES;
				CLANG_WARN_DIRECT_OBJC_ISA_USAGE = YES_ERROR;
				CLANG_WARN_DOCUMENTATION_COMMENTS = YES;
				CLANG_WARN_EMPTY_BODY = YES;
				CLANG_WARN_ENUM_CONVERSION = YES;
				CLANG_WARN_INFINITE_RECURSION = YES;
				CLANG_WARN_INT_CONVERSION = YES;
				CLANG_WARN_NON_LITERAL_NULL_CONVERSION = YES;
				CLANG_WARN_OBJC_IMPLICIT_RETAIN_SELF = YES;
				CLANG_WARN_OBJC_LITERAL_CONVERSION = YES;
				CLANG_WARN_OBJC_ROOT_CLASS = YES_ERROR;
				CLANG_WARN_QUOTED_INCLUDE_IN_FRAMEWORK_HEADER = YES;
				CLANG_WARN_RANGE_LOOP_ANALYSIS = YES;
				CLANG_WARN_STRICT_PROTOTYPES = YES;
				CLANG_WARN_SUSPICIOUS_MOVE = YES;
				CLANG_WARN_UNGUARDED_AVAILABILITY = YES_AGGRESSIVE;
				CLANG_WARN_UNREACHABLE_CODE = YES;
				CLANG_WARN__DUPLICATE_METHOD_MATCH = YES;
				COPY_PHASE_STRIP = NO;
				DEBUG_INFORMATION_FORMAT = dwarf;
				ENABLE_STRICT_OBJC_MSGSEND = YES;
				ENABLE_TESTABILITY = YES;
				ENABLE_USER_SCRIPT_SANDBOXING = YES;
				GCC_C_LANGUAGE_STANDARD = gnu17;
				GCC_DYNAMIC_NO_PIC = NO;
				GCC_NO_COMMON_BLOCKS = YES;
				GCC_OPTIMIZATION_LEVEL = 0;
				GCC_PREPROCESSOR_DEFINITIONS = (
					"DEBUG=1",
					"$(inherited)",
				);
				GCC_WARN_64_TO_32_BIT_CONVERSION = YES;
				GCC_WARN_ABOUT_RETURN_TYPE = YES_ERROR;
				GCC_WARN_UNDECLARED_SELECTOR = YES;
				GCC_WARN_UNINITIALIZED_AUTOS = YES_AGGRESSIVE;
				GCC_WARN_UNUSED_FUNCTION = YES;
				GCC_WARN_UNUSED_VARIABLE = YES;
				IPHONEOS_DEPLOYMENT_TARGET = 18.0;
				LOCALIZATION_PREFERS_STRING_CATALOGS = YES;
				MTL_ENABLE_DEBUG_INFO = INCLUDE_SOURCE;
				MTL_FAST_MATH = YES;
				ONLY_ACTIVE_ARCH = YES;
				SDKROOT = iphoneos;
				SWIFT_ACTIVE_COMPILATION_CONDITIONS = "DEBUG $(inherited)";
				SWIFT_OPTIMIZATION_LEVEL = "-Onone";
			};
			name = Debug;
		};
		E9E2688C2C334B8200DB255E /* Release */ = {
			isa = XCBuildConfiguration;
			buildSettings = {
				ALWAYS_SEARCH_USER_PATHS = NO;
				ASSETCATALOG_COMPILER_GENERATE_SWIFT_ASSET_SYMBOL_EXTENSIONS = YES;
				CLANG_ANALYZER_NONNULL = YES;
				CLANG_ANALYZER_NUMBER_OBJECT_CONVERSION = YES_AGGRESSIVE;
				CLANG_CXX_LANGUAGE_STANDARD = "gnu++20";
				CLANG_ENABLE_MODULES = YES;
				CLANG_ENABLE_OBJC_ARC = YES;
				CLANG_ENABLE_OBJC_WEAK = YES;
				CLANG_WARN_BLOCK_CAPTURE_AUTORELEASING = YES;
				CLANG_WARN_BOOL_CONVERSION = YES;
				CLANG_WARN_COMMA = YES;
				CLANG_WARN_CONSTANT_CONVERSION = YES;
				CLANG_WARN_DEPRECATED_OBJC_IMPLEMENTATIONS = YES;
				CLANG_WARN_DIRECT_OBJC_ISA_USAGE = YES_ERROR;
				CLANG_WARN_DOCUMENTATION_COMMENTS = YES;
				CLANG_WARN_EMPTY_BODY = YES;
				CLANG_WARN_ENUM_CONVERSION = YES;
				CLANG_WARN_INFINITE_RECURSION = YES;
				CLANG_WARN_INT_CONVERSION = YES;
				CLANG_WARN_NON_LITERAL_NULL_CONVERSION = YES;
				CLANG_WARN_OBJC_IMPLICIT_RETAIN_SELF = YES;
				CLANG_WARN_OBJC_LITERAL_CONVERSION = YES;
				CLANG_WARN_OBJC_ROOT_CLASS = YES_ERROR;
				CLANG_WARN_QUOTED_INCLUDE_IN_FRAMEWORK_HEADER = YES;
				CLANG_WARN_RANGE_LOOP_ANALYSIS = YES;
				CLANG_WARN_STRICT_PROTOTYPES = YES;
				CLANG_WARN_SUSPICIOUS_MOVE = YES;
				CLANG_WARN_UNGUARDED_AVAILABILITY = YES_AGGRESSIVE;
				CLANG_WARN_UNREACHABLE_CODE = YES;
				CLANG_WARN__DUPLICATE_METHOD_MATCH = YES;
				COPY_PHASE_STRIP = NO;
				DEBUG_INFORMATION_FORMAT = "dwarf-with-dsym";
				ENABLE_NS_ASSERTIONS = NO;
				ENABLE_STRICT_OBJC_MSGSEND = YES;
				ENABLE_USER_SCRIPT_SANDBOXING = YES;
				GCC_C_LANGUAGE_STANDARD = gnu17;
				GCC_NO_COMMON_BLOCKS = YES;
				GCC_WARN_64_TO_32_BIT_CONVERSION = YES;
				GCC_WARN_ABOUT_RETURN_TYPE = YES_ERROR;
				GCC_WARN_UNDECLARED_SELECTOR = YES;
				GCC_WARN_UNINITIALIZED_AUTOS = YES_AGGRESSIVE;
				GCC_WARN_UNUSED_FUNCTION = YES;
				GCC_WARN_UNUSED_VARIABLE = YES;
				IPHONEOS_DEPLOYMENT_TARGET = 18.0;
				LOCALIZATION_PREFERS_STRING_CATALOGS = YES;
				MTL_ENABLE_DEBUG_INFO = NO;
				MTL_FAST_MATH = YES;
				SDKROOT = iphoneos;
				SWIFT_COMPILATION_MODE = wholemodule;
				VALIDATE_PRODUCT = YES;
			};
			name = Release;
		};
		E9E2688E2C334B8200DB255E /* Debug */ = {
			isa = XCBuildConfiguration;
			buildSettings = {
				ASSETCATALOG_COMPILER_APPICON_NAME = AppIcon;
				ASSETCATALOG_COMPILER_GLOBAL_ACCENT_COLOR_NAME = AccentColor;
				CODE_SIGN_STYLE = Automatic;
				CURRENT_PROJECT_VERSION = 1;
				DEVELOPMENT_ASSET_PATHS = "\"SwiftUIVisualEffects/Preview Content\"";
				DEVELOPMENT_TEAM = 8F8TZUV25Z;
				ENABLE_PREVIEWS = YES;
				GENERATE_INFOPLIST_FILE = YES;
				INFOPLIST_KEY_UIApplicationSceneManifest_Generation = YES;
				INFOPLIST_KEY_UIApplicationSupportsIndirectInputEvents = YES;
				INFOPLIST_KEY_UILaunchScreen_Generation = YES;
				INFOPLIST_KEY_UISupportedInterfaceOrientations_iPad = "UIInterfaceOrientationPortrait UIInterfaceOrientationPortraitUpsideDown UIInterfaceOrientationLandscapeLeft UIInterfaceOrientationLandscapeRight";
				INFOPLIST_KEY_UISupportedInterfaceOrientations_iPhone = "UIInterfaceOrientationPortrait UIInterfaceOrientationLandscapeLeft UIInterfaceOrientationLandscapeRight";
				LD_RUNPATH_SEARCH_PATHS = (
					"$(inherited)",
					"@executable_path/Frameworks",
				);
				MARKETING_VERSION = 1.0;
				PRODUCT_BUNDLE_IDENTIFIER = com.visual.effects.SwiftUIVisualEffects;
				PRODUCT_NAME = "$(TARGET_NAME)";
				SWIFT_EMIT_LOC_STRINGS = YES;
				SWIFT_VERSION = 5.0;
				TARGETED_DEVICE_FAMILY = "1,2";
			};
			name = Debug;
		};
		E9E2688F2C334B8200DB255E /* Release */ = {
			isa = XCBuildConfiguration;
			buildSettings = {
				ASSETCATALOG_COMPILER_APPICON_NAME = AppIcon;
				ASSETCATALOG_COMPILER_GLOBAL_ACCENT_COLOR_NAME = AccentColor;
				CODE_SIGN_STYLE = Automatic;
				CURRENT_PROJECT_VERSION = 1;
				DEVELOPMENT_ASSET_PATHS = "\"SwiftUIVisualEffects/Preview Content\"";
				DEVELOPMENT_TEAM = 8F8TZUV25Z;
				ENABLE_PREVIEWS = YES;
				GENERATE_INFOPLIST_FILE = YES;
				INFOPLIST_KEY_UIApplicationSceneManifest_Generation = YES;
				INFOPLIST_KEY_UIApplicationSupportsIndirectInputEvents = YES;
				INFOPLIST_KEY_UILaunchScreen_Generation = YES;
				INFOPLIST_KEY_UISupportedInterfaceOrientations_iPad = "UIInterfaceOrientationPortrait UIInterfaceOrientationPortraitUpsideDown UIInterfaceOrientationLandscapeLeft UIInterfaceOrientationLandscapeRight";
				INFOPLIST_KEY_UISupportedInterfaceOrientations_iPhone = "UIInterfaceOrientationPortrait UIInterfaceOrientationLandscapeLeft UIInterfaceOrientationLandscapeRight";
				LD_RUNPATH_SEARCH_PATHS = (
					"$(inherited)",
					"@executable_path/Frameworks",
				);
				MARKETING_VERSION = 1.0;
				PRODUCT_BUNDLE_IDENTIFIER = com.visual.effects.SwiftUIVisualEffects;
				PRODUCT_NAME = "$(TARGET_NAME)";
				SWIFT_EMIT_LOC_STRINGS = YES;
				SWIFT_VERSION = 5.0;
				TARGETED_DEVICE_FAMILY = "1,2";
			};
			name = Release;
		};
/* End XCBuildConfiguration section */

/* Begin XCConfigurationList section */
		E9E2687A2C334B8000DB255E /* Build configuration list for PBXProject "SwiftUIVisualEffects" */ = {
			isa = XCConfigurationList;
			buildConfigurations = (
				E9E2688B2C334B8200DB255E /* Debug */,
				E9E2688C2C334B8200DB255E /* Release */,
			);
			defaultConfigurationIsVisible = 0;
			defaultConfigurationName = Release;
		};
		E9E2688D2C334B8200DB255E /* Build configuration list for PBXNativeTarget "SwiftUIVisualEffects" */ = {
			isa = XCConfigurationList;
			buildConfigurations = (
				E9E2688E2C334B8200DB255E /* Debug */,
				E9E2688F2C334B8200DB255E /* Release */,
			);
			defaultConfigurationIsVisible = 0;
			defaultConfigurationName = Release;
		};
/* End XCConfigurationList section */
	};
	rootObject = E9E268772C334B8000DB255E /* Project object */;
}
